hash: fe976aa02e3c317038f10356032effdbd190563f9b7473e4d735074059c4701f
updated: 2018-12-20T23:32:22.067193+01:00
imports:
- name: golang.org/x/tools
  version: d12035dfdc6da9d82d9f9d0fba01b218324cb314
  subpackages:
  - go/analysis
  - go/analysis/analysistest
  - go/analysis/internal/analysisflags
  - go/analysis/internal/checker
  - go/analysis/internal/facts
  - go/analysis/singlechecker
  - go/analysis/unitchecker
  - go/gcexportdata
  - go/internal/cgo
  - go/internal/gcimporter
  - go/internal/packagesdriver
  - go/packages
  - go/types/objectpath
  - internal/fastwalk
  - internal/gopathwalk
  - internal/semver
testImports: []
